
Microsoft Visual Studio Solution File, Format Version 12.00
# Visual Studio Version 17
VisualStudioVersion = 17.3.32929.385
MinimumVisualStudioVersion = 10.0.40219.1
Project("{8BC9CEB8-8B4A-11D0-8D11-00A0C91BC942}") = "TestMouseEvent", "TestMouseEvent.vcxproj", "{646AD45A-BC0F-3268-88D9-AA9901D0F92A}"
EndProject
Global
	GlobalSection(SolutionConfigurationPlatforms) = preSolution
		Debug|x64 = Debug|x64
		Release|x64 = Release|x64
	EndGlobalSection
	GlobalSection(ProjectConfigurationPlatforms) = postSolution
		{646AD45A-BC0F-3268-88D9-AA9901D0F92A}.Debug|x64.ActiveCfg = Debug|x64
		{646AD45A-BC0F-3268-88D9-AA9901D0F92A}.Debug|x64.Build.0 = Debug|x64
		{646AD45A-BC0F-3268-88D9-AA9901D0F92A}.Release|x64.ActiveCfg = Release|x64
		{646AD45A-BC0F-3268-88D9-AA9901D0F92A}.Release|x64.Build.0 = Release|x64
	EndGlobalSection
	GlobalSection(SolutionProperties) = preSolution
		HideSolutionNode = FALSE
	EndGlobalSection
	GlobalSection(ExtensibilityGlobals) = postSolution
		SolutionGuid = {B4248CDC-7931-498A-A740-65648E0AC924}
	EndGlobalSection
EndGlobal
